
Microsoft Visual Studio Solution File, Format Version 12.00
# Visual Studio 2013
VisualStudioVersion = 12.0.30110.0
MinimumVisualStudioVersion = 10.0.40219.1
Project("{FAE04EC0-301F-11D3-BF4B-00C04F79EFBC}") = "TDD.Entities.Library", "TDD.Entities.Library\TDD.Entities.Library.csproj", "{E6F958B6-89C5-46DA-B363-E06F950DD944}"
EndProject
Project("{FAE04EC0-301F-11D3-BF4B-00C04F79EFBC}") = "TDD.Repositories.Library", "TDD.Repositories.Library\TDD.Repositories.Library.csproj", "{36E593FB-C8F8-40D0-BC84-A71CCEB7041E}"
EndProject
Project("{FAE04EC0-301F-11D3-BF4B-00C04F79EFBC}") = "TDD.Tests", "TDD.Tests\TDD.Tests.csproj", "{9763D7E5-2B14-486F-AE4B-09978B23AC94}"
EndProject
Project("{FAE04EC0-301F-11D3-BF4B-00C04F79EFBC}") = "TDD.Services.Library", "TDD.Services.Library\TDD.Services.Library.csproj", "{D11B45D3-A03C-4264-87C5-BCC6EED204F6}"
EndProject
Project("{FAE04EC0-301F-11D3-BF4B-00C04F79EFBC}") = "TDD.IntegrationTests", "TDD.IntegrationTests\TDD.IntegrationTests.csproj", "{6F6C3178-31B3-4815-9ABE-D78F1591B007}"
EndProject
Project("{FAE04EC0-301F-11D3-BF4B-00C04F79EFBC}") = "TDD.CustomEngine", "TDD.CustomEngine\TDD.CustomEngine.csproj", "{16D3EC5B-354C-4C02-AC86-E60558AD9E79}"
EndProject
Project("{FAE04EC0-301F-11D3-BF4B-00C04F79EFBC}") = "TDD.TestConsole", "TDD.TestConsole\TDD.TestConsole.csproj", "{FC046930-F80F-4342-AB6F-E9F9D1FAA4F7}"
EndProject
Project("{2150E333-8FDC-42A3-9474-1A3956D46DE8}") = "Tests", "Tests", "{ADCF1C84-772B-4B06-BDAD-49E32A9B3F63}"
EndProject
Project("{FAE04EC0-301F-11D3-BF4B-00C04F79EFBC}") = "TDD.NUnit", "TDD.NUnit\TDD.NUnit.csproj", "{7287DFF2-8F70-4DD9-A1E1-646E2A71E04F}"
EndProject
Project("{FAE04EC0-301F-11D3-BF4B-00C04F79EFBC}") = "TDD.Windows", "TDD.Windows\TDD.Windows.csproj", "{878B8A47-CD9F-4BF6-827C-08DEE47E696B}"
EndProject
Project("{FAE04EC0-301F-11D3-BF4B-00C04F79EFBC}") = "TDD.Web", "TDD.Web\TDD.Web.csproj", "{A4703856-8046-4233-ABB8-0A4D7ECA91BD}"
EndProject
Project("{2150E333-8FDC-42A3-9474-1A3956D46DE8}") = "Model", "Model", "{D578C375-88A3-4B7A-B9CA-3244F1FD7D12}"
EndProject
Project("{2150E333-8FDC-42A3-9474-1A3956D46DE8}") = "Solution Items", "Solution Items", "{C90729BA-D1B1-45CA-A24C-D40875B695FA}"
	ProjectSection(SolutionItems) = preProject
		Local.testsettings = Local.testsettings
		TDD.TestConsole.psess = TDD.TestConsole.psess
	EndProjectSection
EndProject
Project("{FAE04EC0-301F-11D3-BF4B-00C04F79EFBC}") = "TDD.UI", "TDD.UI\TDD.UI.csproj", "{2313C0C5-E1A7-4157-AF37-75B4571380B1}"
EndProject
Project("{FAE04EC0-301F-11D3-BF4B-00C04F79EFBC}") = "TDD.WebTests", "TDD.WebTests\TDD.WebTests.csproj", "{8C36D929-4B8F-4DB1-B197-BE684932D3BE}"
EndProject
Project("{F088123C-0E9E-452A-89E6-6BA2F21D5CAC}") = "TDD.UML", "TDD.UML\TDD.UML.modelproj", "{951A5DC4-1628-458D-AF62-B4647EEB5659}"
EndProject
Global
	GlobalSection(SolutionConfigurationPlatforms) = preSolution
		Debug|Any CPU = Debug|Any CPU
		Release|Any CPU = Release|Any CPU
	EndGlobalSection
	GlobalSection(ProjectConfigurationPlatforms) = postSolution
		{E6F958B6-89C5-46DA-B363-E06F950DD944}.Debug|Any CPU.ActiveCfg = Debug|Any CPU
		{E6F958B6-89C5-46DA-B363-E06F950DD944}.Debug|Any CPU.Build.0 = Debug|Any CPU
		{E6F958B6-89C5-46DA-B363-E06F950DD944}.Release|Any CPU.ActiveCfg = Release|Any CPU
		{E6F958B6-89C5-46DA-B363-E06F950DD944}.Release|Any CPU.Build.0 = Release|Any CPU
		{36E593FB-C8F8-40D0-BC84-A71CCEB7041E}.Debug|Any CPU.ActiveCfg = Debug|Any CPU
		{36E593FB-C8F8-40D0-BC84-A71CCEB7041E}.Debug|Any CPU.Build.0 = Debug|Any CPU
		{36E593FB-C8F8-40D0-BC84-A71CCEB7041E}.Release|Any CPU.ActiveCfg = Release|Any CPU
		{36E593FB-C8F8-40D0-BC84-A71CCEB7041E}.Release|Any CPU.Build.0 = Release|Any CPU
		{9763D7E5-2B14-486F-AE4B-09978B23AC94}.Debug|Any CPU.ActiveCfg = Debug|Any CPU
		{9763D7E5-2B14-486F-AE4B-09978B23AC94}.Debug|Any CPU.Build.0 = Debug|Any CPU
		{9763D7E5-2B14-486F-AE4B-09978B23AC94}.Release|Any CPU.ActiveCfg = Release|Any CPU
		{9763D7E5-2B14-486F-AE4B-09978B23AC94}.Release|Any CPU.Build.0 = Release|Any CPU
		{D11B45D3-A03C-4264-87C5-BCC6EED204F6}.Debug|Any CPU.ActiveCfg = Debug|Any CPU
		{D11B45D3-A03C-4264-87C5-BCC6EED204F6}.Debug|Any CPU.Build.0 = Debug|Any CPU
		{D11B45D3-A03C-4264-87C5-BCC6EED204F6}.Release|Any CPU.ActiveCfg = Release|Any CPU
		{D11B45D3-A03C-4264-87C5-BCC6EED204F6}.Release|Any CPU.Build.0 = Release|Any CPU
		{6F6C3178-31B3-4815-9ABE-D78F1591B007}.Debug|Any CPU.ActiveCfg = Debug|Any CPU
		{6F6C3178-31B3-4815-9ABE-D78F1591B007}.Debug|Any CPU.Build.0 = Debug|Any CPU
		{6F6C3178-31B3-4815-9ABE-D78F1591B007}.Release|Any CPU.ActiveCfg = Release|Any CPU
		{6F6C3178-31B3-4815-9ABE-D78F1591B007}.Release|Any CPU.Build.0 = Release|Any CPU
		{16D3EC5B-354C-4C02-AC86-E60558AD9E79}.Debug|Any CPU.ActiveCfg = Debug|Any CPU
		{16D3EC5B-354C-4C02-AC86-E60558AD9E79}.Debug|Any CPU.Build.0 = Debug|Any CPU
		{16D3EC5B-354C-4C02-AC86-E60558AD9E79}.Release|Any CPU.ActiveCfg = Release|Any CPU
		{16D3EC5B-354C-4C02-AC86-E60558AD9E79}.Release|Any CPU.Build.0 = Release|Any CPU
		{FC046930-F80F-4342-AB6F-E9F9D1FAA4F7}.Debug|Any CPU.ActiveCfg = Debug|Any CPU
		{FC046930-F80F-4342-AB6F-E9F9D1FAA4F7}.Debug|Any CPU.Build.0 = Debug|Any CPU
		{FC046930-F80F-4342-AB6F-E9F9D1FAA4F7}.Release|Any CPU.ActiveCfg = Release|Any CPU
		{FC046930-F80F-4342-AB6F-E9F9D1FAA4F7}.Release|Any CPU.Build.0 = Release|Any CPU
		{7287DFF2-8F70-4DD9-A1E1-646E2A71E04F}.Debug|Any CPU.ActiveCfg = Debug|Any CPU
		{7287DFF2-8F70-4DD9-A1E1-646E2A71E04F}.Debug|Any CPU.Build.0 = Debug|Any CPU
		{7287DFF2-8F70-4DD9-A1E1-646E2A71E04F}.Release|Any CPU.ActiveCfg = Release|Any CPU
		{7287DFF2-8F70-4DD9-A1E1-646E2A71E04F}.Release|Any CPU.Build.0 = Release|Any CPU
		{878B8A47-CD9F-4BF6-827C-08DEE47E696B}.Debug|Any CPU.ActiveCfg = Debug|Any CPU
		{878B8A47-CD9F-4BF6-827C-08DEE47E696B}.Debug|Any CPU.Build.0 = Debug|Any CPU
		{878B8A47-CD9F-4BF6-827C-08DEE47E696B}.Release|Any CPU.ActiveCfg = Release|Any CPU
		{878B8A47-CD9F-4BF6-827C-08DEE47E696B}.Release|Any CPU.Build.0 = Release|Any CPU
		{A4703856-8046-4233-ABB8-0A4D7ECA91BD}.Debug|Any CPU.ActiveCfg = Debug|Any CPU
		{A4703856-8046-4233-ABB8-0A4D7ECA91BD}.Debug|Any CPU.Build.0 = Debug|Any CPU
		{A4703856-8046-4233-ABB8-0A4D7ECA91BD}.Release|Any CPU.ActiveCfg = Release|Any CPU
		{A4703856-8046-4233-ABB8-0A4D7ECA91BD}.Release|Any CPU.Build.0 = Release|Any CPU
		{2313C0C5-E1A7-4157-AF37-75B4571380B1}.Debug|Any CPU.ActiveCfg = Debug|Any CPU
		{2313C0C5-E1A7-4157-AF37-75B4571380B1}.Debug|Any CPU.Build.0 = Debug|Any CPU
		{2313C0C5-E1A7-4157-AF37-75B4571380B1}.Release|Any CPU.ActiveCfg = Release|Any CPU
		{2313C0C5-E1A7-4157-AF37-75B4571380B1}.Release|Any CPU.Build.0 = Release|Any CPU
		{8C36D929-4B8F-4DB1-B197-BE684932D3BE}.Debug|Any CPU.ActiveCfg = Debug|Any CPU
		{8C36D929-4B8F-4DB1-B197-BE684932D3BE}.Debug|Any CPU.Build.0 = Debug|Any CPU
		{8C36D929-4B8F-4DB1-B197-BE684932D3BE}.Release|Any CPU.ActiveCfg = Release|Any CPU
		{8C36D929-4B8F-4DB1-B197-BE684932D3BE}.Release|Any CPU.Build.0 = Release|Any CPU
		{951A5DC4-1628-458D-AF62-B4647EEB5659}.Debug|Any CPU.ActiveCfg = Debug|Any CPU
		{951A5DC4-1628-458D-AF62-B4647EEB5659}.Debug|Any CPU.Build.0 = Debug|Any CPU
		{951A5DC4-1628-458D-AF62-B4647EEB5659}.Release|Any CPU.ActiveCfg = Release|Any CPU
		{951A5DC4-1628-458D-AF62-B4647EEB5659}.Release|Any CPU.Build.0 = Release|Any CPU
	EndGlobalSection
	GlobalSection(SolutionProperties) = preSolution
		HideSolutionNode = FALSE
	EndGlobalSection
	GlobalSection(NestedProjects) = preSolution
		{36E593FB-C8F8-40D0-BC84-A71CCEB7041E} = {D578C375-88A3-4B7A-B9CA-3244F1FD7D12}
		{D11B45D3-A03C-4264-87C5-BCC6EED204F6} = {D578C375-88A3-4B7A-B9CA-3244F1FD7D12}
		{E6F958B6-89C5-46DA-B363-E06F950DD944} = {D578C375-88A3-4B7A-B9CA-3244F1FD7D12}
		{6F6C3178-31B3-4815-9ABE-D78F1591B007} = {ADCF1C84-772B-4B06-BDAD-49E32A9B3F63}
		{16D3EC5B-354C-4C02-AC86-E60558AD9E79} = {ADCF1C84-772B-4B06-BDAD-49E32A9B3F63}
		{FC046930-F80F-4342-AB6F-E9F9D1FAA4F7} = {ADCF1C84-772B-4B06-BDAD-49E32A9B3F63}
		{9763D7E5-2B14-486F-AE4B-09978B23AC94} = {ADCF1C84-772B-4B06-BDAD-49E32A9B3F63}
		{7287DFF2-8F70-4DD9-A1E1-646E2A71E04F} = {ADCF1C84-772B-4B06-BDAD-49E32A9B3F63}
		{2313C0C5-E1A7-4157-AF37-75B4571380B1} = {ADCF1C84-772B-4B06-BDAD-49E32A9B3F63}
		{8C36D929-4B8F-4DB1-B197-BE684932D3BE} = {ADCF1C84-772B-4B06-BDAD-49E32A9B3F63}
	EndGlobalSection
	GlobalSection(Performance) = preSolution
		HasPerformanceSessions = true
	EndGlobalSection
EndGlobal
